// !$*UTF8*$!
{
	archiveVersion = 1;
	classes = {
	};
	objectVersion = 56;
	objects = {

/* Begin PBXBuildFile section */
		2082EF7C2BD993C7006D4978 /* AppDelegate.swift in Sources */ = {isa = PBXBuildFile; fileRef = 2082EF7B2BD993C7006D4978 /* AppDelegate.swift */; };
		2082EF7E2BD993C7006D4978 /* SceneDelegate.swift in Sources */ = {isa = PBXBuildFile; fileRef = 2082EF7D2BD993C7006D4978 /* SceneDelegate.swift */; };
		2082EF832BD993C7006D4978 /* Base in Resources */ = {isa = PBXBuildFile; fileRef = 2082EF822BD993C7006D4978 /* Base */; };
		2082EF862BD993C7006D4978 /* GetirLiteBootcampFinalCase.xcdatamodeld in Sources */ = {isa = PBXBuildFile; fileRef = 2082EF842BD993C7006D4978 /* GetirLiteBootcampFinalCase.xcdatamodeld */; };
		2082EF882BD993C8006D4978 /* Assets.xcassets in Resources */ = {isa = PBXBuildFile; fileRef = 2082EF872BD993C8006D4978 /* Assets.xcassets */; };
		2082EF8B2BD993C8006D4978 /* Base in Resources */ = {isa = PBXBuildFile; fileRef = 2082EF8A2BD993C8006D4978 /* Base */; };
		2082EF962BD993C8006D4978 /* GetirLiteBootcampFinalCaseTests.swift in Sources */ = {isa = PBXBuildFile; fileRef = 2082EF952BD993C8006D4978 /* GetirLiteBootcampFinalCaseTests.swift */; };
		2082EFA02BD993C8006D4978 /* GetirLiteBootcampFinalCaseUITests.swift in Sources */ = {isa = PBXBuildFile; fileRef = 2082EF9F2BD993C8006D4978 /* GetirLiteBootcampFinalCaseUITests.swift */; };
		2082EFA22BD993C8006D4978 /* GetirLiteBootcampFinalCaseUITestsLaunchTests.swift in Sources */ = {isa = PBXBuildFile; fileRef = 2082EFA12BD993C8006D4978 /* GetirLiteBootcampFinalCaseUITestsLaunchTests.swift */; };
		2082EFB32BD99C41006D4978 /* ListingViewController.swift in Sources */ = {isa = PBXBuildFile; fileRef = 2082EFB22BD99C41006D4978 /* ListingViewController.swift */; };
		2082EFB92BD9A08A006D4978 /* VerticalEntity.swift in Sources */ = {isa = PBXBuildFile; fileRef = 2082EFB82BD9A08A006D4978 /* VerticalEntity.swift */; };
		2082EFBB2BD9A0E2006D4978 /* HorizontalEntity.swift in Sources */ = {isa = PBXBuildFile; fileRef = 2082EFBA2BD9A0E2006D4978 /* HorizontalEntity.swift */; };
		2082EFBE2BD9A203006D4978 /* VerticalCollectionViewCell.swift in Sources */ = {isa = PBXBuildFile; fileRef = 2082EFBC2BD9A203006D4978 /* VerticalCollectionViewCell.swift */; };
		2082EFBF2BD9A203006D4978 /* VerticalCollectionViewCell.xib in Resources */ = {isa = PBXBuildFile; fileRef = 2082EFBD2BD9A203006D4978 /* VerticalCollectionViewCell.xib */; };
		2082EFC72BD9AEED006D4978 /* Basket.swift in Sources */ = {isa = PBXBuildFile; fileRef = 2082EFC62BD9AEED006D4978 /* Basket.swift */; };
		2082EFCA2BD9B0A6006D4978 /* ProductsService.swift in Sources */ = {isa = PBXBuildFile; fileRef = 2082EFC92BD9B0A6006D4978 /* ProductsService.swift */; };
		2082EFCD2BD9B2D8006D4978 /* Alamofire in Frameworks */ = {isa = PBXBuildFile; productRef = 2082EFCC2BD9B2D8006D4978 /* Alamofire */; };
		2082EFD02BD9C139006D4978 /* BaseViewController.swift in Sources */ = {isa = PBXBuildFile; fileRef = 2082EFCF2BD9C139006D4978 /* BaseViewController.swift */; };
		2082EFD32BD9CE44006D4978 /* HorizontalCollectionViewCell.swift in Sources */ = {isa = PBXBuildFile; fileRef = 2082EFD12BD9CE44006D4978 /* HorizontalCollectionViewCell.swift */; };
		2082EFD42BD9CE44006D4978 /* HorizontalCollectionViewCell.xib in Resources */ = {isa = PBXBuildFile; fileRef = 2082EFD22BD9CE44006D4978 /* HorizontalCollectionViewCell.xib */; };
		2082EFD62BD9D647006D4978 /* ProductDetailViewController.swift in Sources */ = {isa = PBXBuildFile; fileRef = 2082EFD52BD9D647006D4978 /* ProductDetailViewController.swift */; };
/* End PBXBuildFile section */

/* Begin PBXContainerItemProxy section */
		2082EF922BD993C8006D4978 /* PBXContainerItemProxy */ = {
			isa = PBXContainerItemProxy;
			containerPortal = 2082EF702BD993C7006D4978 /* Project object */;
			proxyType = 1;
			remoteGlobalIDString = 2082EF772BD993C7006D4978;
			remoteInfo = GetirLiteBootcampFinalCase;
		};
		2082EF9C2BD993C8006D4978 /* PBXContainerItemProxy */ = {
			isa = PBXContainerItemProxy;
			containerPortal = 2082EF702BD993C7006D4978 /* Project object */;
			proxyType = 1;
			remoteGlobalIDString = 2082EF772BD993C7006D4978;
			remoteInfo = GetirLiteBootcampFinalCase;
		};
/* End PBXContainerItemProxy section */

/* Begin PBXFileReference section */
		2082EF782BD993C7006D4978 /* GetirLiteBootcampFinalCase.app */ = {isa = PBXFileReference; explicitFileType = wrapper.application; includeInIndex = 0; path = GetirLiteBootcampFinalCase.app; sourceTree = BUILT_PRODUCTS_DIR; };
		2082EF7B2BD993C7006D4978 /* AppDelegate.swift */ = {isa = PBXFileReference; lastKnownFileType = sourcecode.swift; path = AppDelegate.swift; sourceTree = "<group>"; };
		2082EF7D2BD993C7006D4978 /* SceneDelegate.swift */ = {isa = PBXFileReference; lastKnownFileType = sourcecode.swift; path = SceneDelegate.swift; sourceTree = "<group>"; };
		2082EF822BD993C7006D4978 /* Base */ = {isa = PBXFileReference; lastKnownFileType = file.storyboard; name = Base; path = Base.lproj/Main.storyboard; sourceTree = "<group>"; };
		2082EF852BD993C7006D4978 /* GetirLiteBootcampFinalCase.xcdatamodel */ = {isa = PBXFileReference; lastKnownFileType = wrapper.xcdatamodel; path = GetirLiteBootcampFinalCase.xcdatamodel; sourceTree = "<group>"; };
		2082EF872BD993C8006D4978 /* Assets.xcassets */ = {isa = PBXFileReference; lastKnownFileType = folder.assetcatalog; path = Assets.xcassets; sourceTree = "<group>"; };
		2082EF8A2BD993C8006D4978 /* Base */ = {isa = PBXFileReference; lastKnownFileType = file.storyboard; name = Base; path = Base.lproj/LaunchScreen.storyboard; sourceTree = "<group>"; };
		2082EF8C2BD993C8006D4978 /* Info.plist */ = {isa = PBXFileReference; lastKnownFileType = text.plist.xml; path = Info.plist; sourceTree = "<group>"; };
		2082EF912BD993C8006D4978 /* GetirLiteBootcampFinalCaseTests.xctest */ = {isa = PBXFileReference; explicitFileType = wrapper.cfbundle; includeInIndex = 0; path = GetirLiteBootcampFinalCaseTests.xctest; sourceTree = BUILT_PRODUCTS_DIR; };
		2082EF952BD993C8006D4978 /* GetirLiteBootcampFinalCaseTests.swift */ = {isa = PBXFileReference; lastKnownFileType = sourcecode.swift; path = GetirLiteBootcampFinalCaseTests.swift; sourceTree = "<group>"; };
		2082EF9B2BD993C8006D4978 /* GetirLiteBootcampFinalCaseUITests.xctest */ = {isa = PBXFileReference; explicitFileType = wrapper.cfbundle; includeInIndex = 0; path = GetirLiteBootcampFinalCaseUITests.xctest; sourceTree = BUILT_PRODUCTS_DIR; };
		2082EF9F2BD993C8006D4978 /* GetirLiteBootcampFinalCaseUITests.swift */ = {isa = PBXFileReference; lastKnownFileType = sourcecode.swift; path = GetirLiteBootcampFinalCaseUITests.swift; sourceTree = "<group>"; };
		2082EFA12BD993C8006D4978 /* GetirLiteBootcampFinalCaseUITestsLaunchTests.swift */ = {isa = PBXFileReference; lastKnownFileType = sourcecode.swift; path = GetirLiteBootcampFinalCaseUITestsLaunchTests.swift; sourceTree = "<group>"; };
		2082EFB22BD99C41006D4978 /* ListingViewController.swift */ = {isa = PBXFileReference; lastKnownFileType = sourcecode.swift; path = ListingViewController.swift; sourceTree = "<group>"; };
		2082EFB82BD9A08A006D4978 /* VerticalEntity.swift */ = {isa = PBXFileReference; lastKnownFileType = sourcecode.swift; path = VerticalEntity.swift; sourceTree = "<group>"; };
		2082EFBA2BD9A0E2006D4978 /* HorizontalEntity.swift */ = {isa = PBXFileReference; lastKnownFileType = sourcecode.swift; path = HorizontalEntity.swift; sourceTree = "<group>"; };
		2082EFBC2BD9A203006D4978 /* VerticalCollectionViewCell.swift */ = {isa = PBXFileReference; lastKnownFileType = sourcecode.swift; path = VerticalCollectionViewCell.swift; sourceTree = "<group>"; };
		2082EFBD2BD9A203006D4978 /* VerticalCollectionViewCell.xib */ = {isa = PBXFileReference; lastKnownFileType = file.xib; path = VerticalCollectionViewCell.xib; sourceTree = "<group>"; };
		2082EFC62BD9AEED006D4978 /* Basket.swift */ = {isa = PBXFileReference; lastKnownFileType = sourcecode.swift; path = Basket.swift; sourceTree = "<group>"; };
		2082EFC92BD9B0A6006D4978 /* ProductsService.swift */ = {isa = PBXFileReference; lastKnownFileType = sourcecode.swift; path = ProductsService.swift; sourceTree = "<group>"; };
		2082EFCF2BD9C139006D4978 /* BaseViewController.swift */ = {isa = PBXFileReference; lastKnownFileType = sourcecode.swift; path = BaseViewController.swift; sourceTree = "<group>"; };
		2082EFD12BD9CE44006D4978 /* HorizontalCollectionViewCell.swift */ = {isa = PBXFileReference; lastKnownFileType = sourcecode.swift; path = HorizontalCollectionViewCell.swift; sourceTree = "<group>"; };
		2082EFD22BD9CE44006D4978 /* HorizontalCollectionViewCell.xib */ = {isa = PBXFileReference; lastKnownFileType = file.xib; path = HorizontalCollectionViewCell.xib; sourceTree = "<group>"; };
		2082EFD52BD9D647006D4978 /* ProductDetailViewController.swift */ = {isa = PBXFileReference; lastKnownFileType = sourcecode.swift; path = ProductDetailViewController.swift; sourceTree = "<group>"; };
/* End PBXFileReference section */

/* Begin PBXFrameworksBuildPhase section */
		2082EF752BD993C7006D4978 /* Frameworks */ = {
			isa = PBXFrameworksBuildPhase;
			buildActionMask = 2147483647;
			files = (
				2082EFCD2BD9B2D8006D4978 /* Alamofire in Frameworks */,
			);
			runOnlyForDeploymentPostprocessing = 0;
		};
		2082EF8E2BD993C8006D4978 /* Frameworks */ = {
			isa = PBXFrameworksBuildPhase;
			buildActionMask = 2147483647;
			files = (
			);
			runOnlyForDeploymentPostprocessing = 0;
		};
		2082EF982BD993C8006D4978 /* Frameworks */ = {
			isa = PBXFrameworksBuildPhase;
			buildActionMask = 2147483647;
			files = (
			);
			runOnlyForDeploymentPostprocessing = 0;
		};
/* End PBXFrameworksBuildPhase section */

/* Begin PBXGroup section */
		2082EF6F2BD993C7006D4978 = {
			isa = PBXGroup;
			children = (
				2082EF7A2BD993C7006D4978 /* GetirLiteBootcampFinalCase */,
				2082EF942BD993C8006D4978 /* GetirLiteBootcampFinalCaseTests */,
				2082EF9E2BD993C8006D4978 /* GetirLiteBootcampFinalCaseUITests */,
				2082EF792BD993C7006D4978 /* Products */,
			);
			sourceTree = "<group>";
		};
		2082EF792BD993C7006D4978 /* Products */ = {
			isa = PBXGroup;
			children = (
				2082EF782BD993C7006D4978 /* GetirLiteBootcampFinalCase.app */,
				2082EF912BD993C8006D4978 /* GetirLiteBootcampFinalCaseTests.xctest */,
				2082EF9B2BD993C8006D4978 /* GetirLiteBootcampFinalCaseUITests.xctest */,
			);
			name = Products;
			sourceTree = "<group>";
		};
		2082EF7A2BD993C7006D4978 /* GetirLiteBootcampFinalCase */ = {
			isa = PBXGroup;
			children = (
				2082EFAF2BD99541006D4978 /* Module */,
				2082EFAE2BD994F0006D4978 /* App */,
				2082EF8C2BD993C8006D4978 /* Info.plist */,
				2082EF842BD993C7006D4978 /* GetirLiteBootcampFinalCase.xcdatamodeld */,
			);
			path = GetirLiteBootcampFinalCase;
			sourceTree = "<group>";
		};
		2082EF942BD993C8006D4978 /* GetirLiteBootcampFinalCaseTests */ = {
			isa = PBXGroup;
			children = (
				2082EF952BD993C8006D4978 /* GetirLiteBootcampFinalCaseTests.swift */,
			);
			path = GetirLiteBootcampFinalCaseTests;
			sourceTree = "<group>";
		};
		2082EF9E2BD993C8006D4978 /* GetirLiteBootcampFinalCaseUITests */ = {
			isa = PBXGroup;
			children = (
				2082EF9F2BD993C8006D4978 /* GetirLiteBootcampFinalCaseUITests.swift */,
				2082EFA12BD993C8006D4978 /* GetirLiteBootcampFinalCaseUITestsLaunchTests.swift */,
			);
			path = GetirLiteBootcampFinalCaseUITests;
			sourceTree = "<group>";
		};
		2082EFAE2BD994F0006D4978 /* App */ = {
			isa = PBXGroup;
			children = (
				2082EF7B2BD993C7006D4978 /* AppDelegate.swift */,
				2082EF7D2BD993C7006D4978 /* SceneDelegate.swift */,
				2082EF872BD993C8006D4978 /* Assets.xcassets */,
				2082EF892BD993C8006D4978 /* LaunchScreen.storyboard */,
			);
			path = App;
			sourceTree = "<group>";
		};
		2082EFAF2BD99541006D4978 /* Module */ = {
			isa = PBXGroup;
			children = (
				2082EFD72BD9D863006D4978 /* Utilities */,
				2082EFC82BD9B07F006D4978 /* Service */,
				2082EFC52BD9AEDD006D4978 /* Entities */,
				2082EFB12BD9955D006D4978 /* ProductDetail */,
				2082EFB02BD99558006D4978 /* Listing */,
			);
			path = Module;
			sourceTree = "<group>";
		};
		2082EFB02BD99558006D4978 /* Listing */ = {
			isa = PBXGroup;
			children = (
				2082EFB62BD9A034006D4978 /* VerticalProducts */,
				2082EFB42BD9A013006D4978 /* HorizontalProducts */,
				2082EF812BD993C7006D4978 /* Main.storyboard */,
				2082EFB22BD99C41006D4978 /* ListingViewController.swift */,
			);
			path = Listing;
			sourceTree = "<group>";
		};
		2082EFB12BD9955D006D4978 /* ProductDetail */ = {
			isa = PBXGroup;
			children = (
				2082EFD52BD9D647006D4978 /* ProductDetailViewController.swift */,
			);
			path = ProductDetail;
			sourceTree = "<group>";
		};
		2082EFB42BD9A013006D4978 /* HorizontalProducts */ = {
			isa = PBXGroup;
			children = (
				2082EFBA2BD9A0E2006D4978 /* HorizontalEntity.swift */,
				2082EFD12BD9CE44006D4978 /* HorizontalCollectionViewCell.swift */,
				2082EFD22BD9CE44006D4978 /* HorizontalCollectionViewCell.xib */,
			);
			path = HorizontalProducts;
			sourceTree = "<group>";
		};
		2082EFB62BD9A034006D4978 /* VerticalProducts */ = {
			isa = PBXGroup;
			children = (
				2082EFB82BD9A08A006D4978 /* VerticalEntity.swift */,
				2082EFBC2BD9A203006D4978 /* VerticalCollectionViewCell.swift */,
				2082EFBD2BD9A203006D4978 /* VerticalCollectionViewCell.xib */,
			);
			path = VerticalProducts;
			sourceTree = "<group>";
		};
		2082EFC52BD9AEDD006D4978 /* Entities */ = {
			isa = PBXGroup;
			children = (
				2082EFC62BD9AEED006D4978 /* Basket.swift */,
			);
			path = Entities;
			sourceTree = "<group>";
		};
		2082EFC82BD9B07F006D4978 /* Service */ = {
			isa = PBXGroup;
			children = (
				2082EFC92BD9B0A6006D4978 /* ProductsService.swift */,
			);
			path = Service;
			sourceTree = "<group>";
		};
		2082EFCE2BD9C0EB006D4978 /* Base */ = {
			isa = PBXGroup;
			children = (
				2082EFCF2BD9C139006D4978 /* BaseViewController.swift */,
			);
			path = Base;
			sourceTree = "<group>";
		};
		2082EFD72BD9D863006D4978 /* Utilities */ = {
			isa = PBXGroup;
			children = (
				2082EFCE2BD9C0EB006D4978 /* Base */,
			);
			path = Utilities;
			sourceTree = "<group>";
		};
/* End PBXGroup section */

/* Begin PBXNativeTarget section */
		2082EF772BD993C7006D4978 /* GetirLiteBootcampFinalCase */ = {
			isa = PBXNativeTarget;
			buildConfigurationList = 2082EFA52BD993C8006D4978 /* Build configuration list for PBXNativeTarget "GetirLiteBootcampFinalCase" */;
			buildPhases = (
				2082EF742BD993C7006D4978 /* Sources */,
				2082EF752BD993C7006D4978 /* Frameworks */,
				2082EF762BD993C7006D4978 /* Resources */,
			);
			buildRules = (
			);
			dependencies = (
			);
			name = GetirLiteBootcampFinalCase;
			packageProductDependencies = (
				2082EFCC2BD9B2D8006D4978 /* Alamofire */,
			);
			productName = GetirLiteBootcampFinalCase;
			productReference = 2082EF782BD993C7006D4978 /* GetirLiteBootcampFinalCase.app */;
			productType = "com.apple.product-type.application";
		};
		2082EF902BD993C8006D4978 /* GetirLiteBootcampFinalCaseTests */ = {
			isa = PBXNativeTarget;
			buildConfigurationList = 2082EFA82BD993C8006D4978 /* Build configuration list for PBXNativeTarget "GetirLiteBootcampFinalCaseTests" */;
			buildPhases = (
				2082EF8D2BD993C8006D4978 /* Sources */,
				2082EF8E2BD993C8006D4978 /* Frameworks */,
				2082EF8F2BD993C8006D4978 /* Resources */,
			);
			buildRules = (
			);
			dependencies = (
				2082EF932BD993C8006D4978 /* PBXTargetDependency */,
			);
			name = GetirLiteBootcampFinalCaseTests;
			productName = GetirLiteBootcampFinalCaseTests;
			productReference = 2082EF912BD993C8006D4978 /* GetirLiteBootcampFinalCaseTests.xctest */;
			productType = "com.apple.product-type.bundle.unit-test";
		};
		2082EF9A2BD993C8006D4978 /* GetirLiteBootcampFinalCaseUITests */ = {
			isa = PBXNativeTarget;
			buildConfigurationList = 2082EFAB2BD993C8006D4978 /* Build configuration list for PBXNativeTarget "GetirLiteBootcampFinalCaseUITests" */;
			buildPhases = (
				2082EF972BD993C8006D4978 /* Sources */,
				2082EF982BD993C8006D4978 /* Frameworks */,
				2082EF992BD993C8006D4978 /* Resources */,
			);
			buildRules = (
			);
			dependencies = (
				2082EF9D2BD993C8006D4978 /* PBXTargetDependency */,
			);
			name = GetirLiteBootcampFinalCaseUITests;
			productName = GetirLiteBootcampFinalCaseUITests;
			productReference = 2082EF9B2BD993C8006D4978 /* GetirLiteBootcampFinalCaseUITests.xctest */;
			productType = "com.apple.product-type.bundle.ui-testing";
		};
/* End PBXNativeTarget section */

/* Begin PBXProject section */
		2082EF702BD993C7006D4978 /* Project object */ = {
			isa = PBXProject;
			attributes = {
				BuildIndependentTargetsInParallel = 1;
				LastSwiftUpdateCheck = 1530;
				LastUpgradeCheck = 1530;
				TargetAttributes = {
					2082EF772BD993C7006D4978 = {
						CreatedOnToolsVersion = 15.3;
					};
					2082EF902BD993C8006D4978 = {
						CreatedOnToolsVersion = 15.3;
						TestTargetID = 2082EF772BD993C7006D4978;
					};
					2082EF9A2BD993C8006D4978 = {
						CreatedOnToolsVersion = 15.3;
						TestTargetID = 2082EF772BD993C7006D4978;
					};
				};
			};
			buildConfigurationList = 2082EF732BD993C7006D4978 /* Build configuration list for PBXProject "GetirLiteBootcampFinalCase" */;
			compatibilityVersion = "Xcode 14.0";
			developmentRegion = en;
			hasScannedForEncodings = 0;
			knownRegions = (
				en,
				Base,
			);
			mainGroup = 2082EF6F2BD993C7006D4978;
			packageReferences = (
				2082EFCB2BD9B2D8006D4978 /* XCRemoteSwiftPackageReference "Alamofire" */,
			);
			productRefGroup = 2082EF792BD993C7006D4978 /* Products */;
			projectDirPath = "";
			projectRoot = "";
			targets = (
				2082EF772BD993C7006D4978 /* GetirLiteBootcampFinalCase */,
				2082EF902BD993C8006D4978 /* GetirLiteBootcampFinalCaseTests */,
				2082EF9A2BD993C8006D4978 /* GetirLiteBootcampFinalCaseUITests */,
			);
		};
/* End PBXProject section */

/* Begin PBXResourcesBuildPhase section */
		2082EF762BD993C7006D4978 /* Resources */ = {
			isa = PBXResourcesBuildPhase;
			buildActionMask = 2147483647;
			files = (
				2082EFD42BD9CE44006D4978 /* HorizontalCollectionViewCell.xib in Resources */,
				2082EFBF2BD9A203006D4978 /* VerticalCollectionViewCell.xib in Resources */,
				2082EF882BD993C8006D4978 /* Assets.xcassets in Resources */,
				2082EF8B2BD993C8006D4978 /* Base in Resources */,
				2082EF832BD993C7006D4978 /* Base in Resources */,
			);
			runOnlyForDeploymentPostprocessing = 0;
		};
		2082EF8F2BD993C8006D4978 /* Resources */ = {
			isa = PBXResourcesBuildPhase;
			buildActionMask = 2147483647;
			files = (
			);
			runOnlyForDeploymentPostprocessing = 0;
		};
		2082EF992BD993C8006D4978 /* Resources */ = {
			isa = PBXResourcesBuildPhase;
			buildActionMask = 2147483647;
			files = (
			);
			runOnlyForDeploymentPostprocessing = 0;
		};
/* End PBXResourcesBuildPhase section */

/* Begin PBXSourcesBuildPhase section */
		2082EF742BD993C7006D4978 /* Sources */ = {
			isa = PBXSourcesBuildPhase;
			buildActionMask = 2147483647;
			files = (
				2082EF7C2BD993C7006D4978 /* AppDelegate.swift in Sources */,
				2082EFB92BD9A08A006D4978 /* VerticalEntity.swift in Sources */,
				2082EFD02BD9C139006D4978 /* BaseViewController.swift in Sources */,
				2082EF7E2BD993C7006D4978 /* SceneDelegate.swift in Sources */,
				2082EF862BD993C7006D4978 /* GetirLiteBootcampFinalCase.xcdatamodeld in Sources */,
				2082EFD62BD9D647006D4978 /* ProductDetailViewController.swift in Sources */,
				2082EFBB2BD9A0E2006D4978 /* HorizontalEntity.swift in Sources */,
				2082EFD32BD9CE44006D4978 /* HorizontalCollectionViewCell.swift in Sources */,
				2082EFBE2BD9A203006D4978 /* VerticalCollectionViewCell.swift in Sources */,
				2082EFC72BD9AEED006D4978 /* Basket.swift in Sources */,
				2082EFB32BD99C41006D4978 /* ListingViewController.swift in Sources */,
				2082EFCA2BD9B0A6006D4978 /* ProductsService.swift in Sources */,
			);
			runOnlyForDeploymentPostprocessing = 0;
		};
		2082EF8D2BD993C8006D4978 /* Sources */ = {
			isa = PBXSourcesBuildPhase;
			buildActionMask = 2147483647;
			files = (
				2082EF962BD993C8006D4978 /* GetirLiteBootcampFinalCaseTests.swift in Sources */,
			);
			runOnlyForDeploymentPostprocessing = 0;
		};
		2082EF972BD993C8006D4978 /* Sources */ = {
			isa = PBXSourcesBuildPhase;
			buildActionMask = 2147483647;
			files = (
				2082EFA22BD993C8006D4978 /* GetirLiteBootcampFinalCaseUITestsLaunchTests.swift in Sources */,
				2082EFA02BD993C8006D4978 /* GetirLiteBootcampFinalCaseUITests.swift in Sources */,
			);
			runOnlyForDeploymentPostprocessing = 0;
		};
/* End PBXSourcesBuildPhase section */

/* Begin PBXTargetDependency section */
		2082EF932BD993C8006D4978 /* PBXTargetDependency */ = {
			isa = PBXTargetDependency;
			target = 2082EF772BD993C7006D4978 /* GetirLiteBootcampFinalCase */;
			targetProxy = 2082EF922BD993C8006D4978 /* PBXContainerItemProxy */;
		};
		2082EF9D2BD993C8006D4978 /* PBXTargetDependency */ = {
			isa = PBXTargetDependency;
			target = 2082EF772BD993C7006D4978 /* GetirLiteBootcampFinalCase */;
			targetProxy = 2082EF9C2BD993C8006D4978 /* PBXContainerItemProxy */;
		};
/* End PBXTargetDependency section */

/* Begin PBXVariantGroup section */
		2082EF812BD993C7006D4978 /* Main.storyboard */ = {
			isa = PBXVariantGroup;
			children = (
				2082EF822BD993C7006D4978 /* Base */,
			);
			name = Main.storyboard;
			sourceTree = "<group>";
		};
		2082EF892BD993C8006D4978 /* LaunchScreen.storyboard */ = {
			isa = PBXVariantGroup;
			children = (
				2082EF8A2BD993C8006D4978 /* Base */,
			);
			name = LaunchScreen.storyboard;
			sourceTree = "<group>";
		};
/* End PBXVariantGroup section */

/* Begin XCBuildConfiguration section */
		2082EFA32BD993C8006D4978 /* Debug */ = {
			isa = XCBuildConfiguration;
			buildSettings = {
				ALWAYS_SEARCH_USER_PATHS = NO;
				ASSETCATALOG_COMPILER_GENERATE_SWIFT_ASSET_SYMBOL_EXTENSIONS = YES;
				CLANG_ANALYZER_NONNULL = YES;
				CLANG_ANALYZER_NUMBER_OBJECT_CONVERSION = YES_AGGRESSIVE;
				CLANG_CXX_LANGUAGE_STANDARD = "gnu++20";
				CLANG_ENABLE_MODULES = YES;
				CLANG_ENABLE_OBJC_ARC = YES;
				CLANG_ENABLE_OBJC_WEAK = YES;
				CLANG_WARN_BLOCK_CAPTURE_AUTORELEASING = YES;
				CLANG_WARN_BOOL_CONVERSION = YES;
				CLANG_WARN_COMMA = YES;
				CLANG_WARN_CONSTANT_CONVERSION = YES;
				CLANG_WARN_DEPRECATED_OBJC_IMPLEMENTATIONS = YES;
				CLANG_WARN_DIRECT_OBJC_ISA_USAGE = YES_ERROR;
				CLANG_WARN_DOCUMENTATION_COMMENTS = YES;
				CLANG_WARN_EMPTY_BODY = YES;
				CLANG_WARN_ENUM_CONVERSION = YES;
				CLANG_WARN_INFINITE_RECURSION = YES;
				CLANG_WARN_INT_CONVERSION = YES;
				CLANG_WARN_NON_LITERAL_NULL_CONVERSION = YES;
				CLANG_WARN_OBJC_IMPLICIT_RETAIN_SELF = YES;
				CLANG_WARN_OBJC_LITERAL_CONVERSION = YES;
				CLANG_WARN_OBJC_ROOT_CLASS = YES_ERROR;
				CLANG_WARN_QUOTED_INCLUDE_IN_FRAMEWORK_HEADER = YES;
				CLANG_WARN_RANGE_LOOP_ANALYSIS = YES;
				CLANG_WARN_STRICT_PROTOTYPES = YES;
				CLANG_WARN_SUSPICIOUS_MOVE = YES;
				CLANG_WARN_UNGUARDED_AVAILABILITY = YES_AGGRESSIVE;
				CLANG_WARN_UNREACHABLE_CODE = YES;
				CLANG_WARN__DUPLICATE_METHOD_MATCH = YES;
				COPY_PHASE_STRIP = NO;
				DEBUG_INFORMATION_FORMAT = dwarf;
				ENABLE_STRICT_OBJC_MSGSEND = YES;
				ENABLE_TESTABILITY = YES;
				ENABLE_USER_SCRIPT_SANDBOXING = YES;
				GCC_C_LANGUAGE_STANDARD = gnu17;
				GCC_DYNAMIC_NO_PIC = NO;
				GCC_NO_COMMON_BLOCKS = YES;
				GCC_OPTIMIZATION_LEVEL = 0;
				GCC_PREPROCESSOR_DEFINITIONS = (
					"DEBUG=1",
					"$(inherited)",
				);
				GCC_WARN_64_TO_32_BIT_CONVERSION = YES;
				GCC_WARN_ABOUT_RETURN_TYPE = YES_ERROR;
				GCC_WARN_UNDECLARED_SELECTOR = YES;
				GCC_WARN_UNINITIALIZED_AUTOS = YES_AGGRESSIVE;
				GCC_WARN_UNUSED_FUNCTION = YES;
				GCC_WARN_UNUSED_VARIABLE = YES;
				IPHONEOS_DEPLOYMENT_TARGET = 17.4;
				LOCALIZATION_PREFERS_STRING_CATALOGS = YES;
				MTL_ENABLE_DEBUG_INFO = INCLUDE_SOURCE;
				MTL_FAST_MATH = YES;
				ONLY_ACTIVE_ARCH = YES;
				SDKROOT = iphoneos;
				SWIFT_ACTIVE_COMPILATION_CONDITIONS = "DEBUG $(inherited)";
				SWIFT_OPTIMIZATION_LEVEL = "-Onone";
			};
			name = Debug;
		};
		2082EFA42BD993C8006D4978 /* Release */ = {
			isa = XCBuildConfiguration;
			buildSettings = {
				ALWAYS_SEARCH_USER_PATHS = NO;
				ASSETCATALOG_COMPILER_GENERATE_SWIFT_ASSET_SYMBOL_EXTENSIONS = YES;
				CLANG_ANALYZER_NONNULL = YES;
				CLANG_ANALYZER_NUMBER_OBJECT_CONVERSION = YES_AGGRESSIVE;
				CLANG_CXX_LANGUAGE_STANDARD = "gnu++20";
				CLANG_ENABLE_MODULES = YES;
				CLANG_ENABLE_OBJC_ARC = YES;
				CLANG_ENABLE_OBJC_WEAK = YES;
				CLANG_WARN_BLOCK_CAPTURE_AUTORELEASING = YES;
				CLANG_WARN_BOOL_CONVERSION = YES;
				CLANG_WARN_COMMA = YES;
				CLANG_WARN_CONSTANT_CONVERSION = YES;
				CLANG_WARN_DEPRECATED_OBJC_IMPLEMENTATIONS = YES;
				CLANG_WARN_DIRECT_OBJC_ISA_USAGE = YES_ERROR;
				CLANG_WARN_DOCUMENTATION_COMMENTS = YES;
				CLANG_WARN_EMPTY_BODY = YES;
				CLANG_WARN_ENUM_CONVERSION = YES;
				CLANG_WARN_INFINITE_RECURSION = YES;
				CLANG_WARN_INT_CONVERSION = YES;
				CLANG_WARN_NON_LITERAL_NULL_CONVERSION = YES;
				CLANG_WARN_OBJC_IMPLICIT_RETAIN_SELF = YES;
				CLANG_WARN_OBJC_LITERAL_CONVERSION = YES;
				CLANG_WARN_OBJC_ROOT_CLASS = YES_ERROR;
				CLANG_WARN_QUOTED_INCLUDE_IN_FRAMEWORK_HEADER = YES;
				CLANG_WARN_RANGE_LOOP_ANALYSIS = YES;
				CLANG_WARN_STRICT_PROTOTYPES = YES;
				CLANG_WARN_SUSPICIOUS_MOVE = YES;
				CLANG_WARN_UNGUARDED_AVAILABILITY = YES_AGGRESSIVE;
				CLANG_WARN_UNREACHABLE_CODE = YES;
				CLANG_WARN__DUPLICATE_METHOD_MATCH = YES;
				COPY_PHASE_STRIP = NO;
				DEBUG_INFORMATION_FORMAT = "dwarf-with-dsym";
				ENABLE_NS_ASSERTIONS = NO;
				ENABLE_STRICT_OBJC_MSGSEND = YES;
				ENABLE_USER_SCRIPT_SANDBOXING = YES;
				GCC_C_LANGUAGE_STANDARD = gnu17;
				GCC_NO_COMMON_BLOCKS = YES;
				GCC_WARN_64_TO_32_BIT_CONVERSION = YES;
				GCC_WARN_ABOUT_RETURN_TYPE = YES_ERROR;
				GCC_WARN_UNDECLARED_SELECTOR = YES;
				GCC_WARN_UNINITIALIZED_AUTOS = YES_AGGRESSIVE;
				GCC_WARN_UNUSED_FUNCTION = YES;
				GCC_WARN_UNUSED_VARIABLE = YES;
				IPHONEOS_DEPLOYMENT_TARGET = 17.4;
				LOCALIZATION_PREFERS_STRING_CATALOGS = YES;
				MTL_ENABLE_DEBUG_INFO = NO;
				MTL_FAST_MATH = YES;
				SDKROOT = iphoneos;
				SWIFT_COMPILATION_MODE = wholemodule;
				VALIDATE_PRODUCT = YES;
			};
			name = Release;
		};
		2082EFA62BD993C8006D4978 /* Debug */ = {
			isa = XCBuildConfiguration;
			buildSettings = {
				ASSETCATALOG_COMPILER_APPICON_NAME = AppIcon;
				ASSETCATALOG_COMPILER_GLOBAL_ACCENT_COLOR_NAME = AccentColor;
				CODE_SIGN_STYLE = Automatic;
				CURRENT_PROJECT_VERSION = 1;
				DEVELOPMENT_TEAM = 3CL3A52KNG;
				GENERATE_INFOPLIST_FILE = YES;
				INFOPLIST_FILE = GetirLiteBootcampFinalCase/Info.plist;
				INFOPLIST_KEY_UIApplicationSupportsIndirectInputEvents = YES;
				INFOPLIST_KEY_UILaunchStoryboardName = LaunchScreen;
				INFOPLIST_KEY_UIMainStoryboardFile = Main;
				INFOPLIST_KEY_UISupportedInterfaceOrientations_iPad = "UIInterfaceOrientationPortrait UIInterfaceOrientationPortraitUpsideDown UIInterfaceOrientationLandscapeLeft UIInterfaceOrientationLandscapeRight";
				INFOPLIST_KEY_UISupportedInterfaceOrientations_iPhone = "UIInterfaceOrientationPortrait UIInterfaceOrientationLandscapeLeft UIInterfaceOrientationLandscapeRight";
				LD_RUNPATH_SEARCH_PATHS = (
					"$(inherited)",
					"@executable_path/Frameworks",
				);
				MARKETING_VERSION = 1.0;
				PRODUCT_BUNDLE_IDENTIFIER = com.tanercelik.GetirLiteBootcampFinalCase;
				PRODUCT_NAME = "$(TARGET_NAME)";
				SWIFT_EMIT_LOC_STRINGS = YES;
				SWIFT_VERSION = 5.0;
				TARGETED_DEVICE_FAMILY = "1,2";
			};
			name = Debug;
		};
		2082EFA72BD993C8006D4978 /* Release */ = {
			isa = XCBuildConfiguration;
			buildSettings = {
				ASSETCATALOG_COMPILER_APPICON_NAME = AppIcon;
				ASSETCATALOG_COMPILER_GLOBAL_ACCENT_COLOR_NAME = AccentColor;
				CODE_SIGN_STYLE = Automatic;
				CURRENT_PROJECT_VERSION = 1;
				DEVELOPMENT_TEAM = 3CL3A52KNG;
				GENERATE_INFOPLIST_FILE = YES;
				INFOPLIST_FILE = GetirLiteBootcampFinalCase/Info.plist;
				INFOPLIST_KEY_UIApplicationSupportsIndirectInputEvents = YES;
				INFOPLIST_KEY_UILaunchStoryboardName = LaunchScreen;
				INFOPLIST_KEY_UIMainStoryboardFile = Main;
				INFOPLIST_KEY_UISupportedInterfaceOrientations_iPad = "UIInterfaceOrientationPortrait UIInterfaceOrientationPortraitUpsideDown UIInterfaceOrientationLandscapeLeft UIInterfaceOrientationLandscapeRight";
				INFOPLIST_KEY_UISupportedInterfaceOrientations_iPhone = "UIInterfaceOrientationPortrait UIInterfaceOrientationLandscapeLeft UIInterfaceOrientationLandscapeRight";
				LD_RUNPATH_SEARCH_PATHS = (
					"$(inherited)",
					"@executable_path/Frameworks",
				);
				MARKETING_VERSION = 1.0;
				PRODUCT_BUNDLE_IDENTIFIER = com.tanercelik.GetirLiteBootcampFinalCase;
				PRODUCT_NAME = "$(TARGET_NAME)";
				SWIFT_EMIT_LOC_STRINGS = YES;
				SWIFT_VERSION = 5.0;
				TARGETED_DEVICE_FAMILY = "1,2";
			};
			name = Release;
		};
		2082EFA92BD993C8006D4978 /* Debug */ = {
			isa = XCBuildConfiguration;
			buildSettings = {
				ALWAYS_EMBED_SWIFT_STANDARD_LIBRARIES = YES;
				BUNDLE_LOADER = "$(TEST_HOST)";
				CODE_SIGN_STYLE = Automatic;
				CURRENT_PROJECT_VERSION = 1;
				DEVELOPMENT_TEAM = 3CL3A52KNG;
				GENERATE_INFOPLIST_FILE = YES;
				IPHONEOS_DEPLOYMENT_TARGET = 17.4;
				MARKETING_VERSION = 1.0;
				PRODUCT_BUNDLE_IDENTIFIER = com.tanercelik.GetirLiteBootcampFinalCaseTests;
				PRODUCT_NAME = "$(TARGET_NAME)";
				SWIFT_EMIT_LOC_STRINGS = NO;
				SWIFT_VERSION = 5.0;
				TARGETED_DEVICE_FAMILY = "1,2";
				TEST_HOST = "$(BUILT_PRODUCTS_DIR)/GetirLiteBootcampFinalCase.app/$(BUNDLE_EXECUTABLE_FOLDER_PATH)/GetirLiteBootcampFinalCase";
			};
			name = Debug;
		};
		2082EFAA2BD993C8006D4978 /* Release */ = {
			isa = XCBuildConfiguration;
			buildSettings = {
				ALWAYS_EMBED_SWIFT_STANDARD_LIBRARIES = YES;
				BUNDLE_LOADER = "$(TEST_HOST)";
				CODE_SIGN_STYLE = Automatic;
				CURRENT_PROJECT_VERSION = 1;
				DEVELOPMENT_TEAM = 3CL3A52KNG;
				GENERATE_INFOPLIST_FILE = YES;
				IPHONEOS_DEPLOYMENT_TARGET = 17.4;
				MARKETING_VERSION = 1.0;
				PRODUCT_BUNDLE_IDENTIFIER = com.tanercelik.GetirLiteBootcampFinalCaseTests;
				PRODUCT_NAME = "$(TARGET_NAME)";
				SWIFT_EMIT_LOC_STRINGS = NO;
				SWIFT_VERSION = 5.0;
				TARGETED_DEVICE_FAMILY = "1,2";
				TEST_HOST = "$(BUILT_PRODUCTS_DIR)/GetirLiteBootcampFinalCase.app/$(BUNDLE_EXECUTABLE_FOLDER_PATH)/GetirLiteBootcampFinalCase";
			};
			name = Release;
		};
		2082EFAC2BD993C8006D4978 /* Debug */ = {
			isa = XCBuildConfiguration;
			buildSettings = {
				ALWAYS_EMBED_SWIFT_STANDARD_LIBRARIES = YES;
				CODE_SIGN_STYLE = Automatic;
				CURRENT_PROJECT_VERSION = 1;
				DEVELOPMENT_TEAM = 3CL3A52KNG;
				GENERATE_INFOPLIST_FILE = YES;
				MARKETING_VERSION = 1.0;
				PRODUCT_BUNDLE_IDENTIFIER = com.tanercelik.GetirLiteBootcampFinalCaseUITests;
				PRODUCT_NAME = "$(TARGET_NAME)";
				SWIFT_EMIT_LOC_STRINGS = NO;
				SWIFT_VERSION = 5.0;
				TARGETED_DEVICE_FAMILY = "1,2";
				TEST_TARGET_NAME = GetirLiteBootcampFinalCase;
			};
			name = Debug;
		};
		2082EFAD2BD993C8006D4978 /* Release */ = {
			isa = XCBuildConfiguration;
			buildSettings = {
				ALWAYS_EMBED_SWIFT_STANDARD_LIBRARIES = YES;
				CODE_SIGN_STYLE = Automatic;
				CURRENT_PROJECT_VERSION = 1;
				DEVELOPMENT_TEAM = 3CL3A52KNG;
				GENERATE_INFOPLIST_FILE = YES;
				MARKETING_VERSION = 1.0;
				PRODUCT_BUNDLE_IDENTIFIER = com.tanercelik.GetirLiteBootcampFinalCaseUITests;
				PRODUCT_NAME = "$(TARGET_NAME)";
				SWIFT_EMIT_LOC_STRINGS = NO;
				SWIFT_VERSION = 5.0;
				TARGETED_DEVICE_FAMILY = "1,2";
				TEST_TARGET_NAME = GetirLiteBootcampFinalCase;
			};
			name = Release;
		};
/* End XCBuildConfiguration section */

/* Begin XCConfigurationList section */
		2082EF732BD993C7006D4978 /* Build configuration list for PBXProject "GetirLiteBootcampFinalCase" */ = {
			isa = XCConfigurationList;
			buildConfigurations = (
				2082EFA32BD993C8006D4978 /* Debug */,
				2082EFA42BD993C8006D4978 /* Release */,
			);
			defaultConfigurationIsVisible = 0;
			defaultConfigurationName = Release;
		};
		2082EFA52BD993C8006D4978 /* Build configuration list for PBXNativeTarget "GetirLiteBootcampFinalCase" */ = {
			isa = XCConfigurationList;
			buildConfigurations = (
				2082EFA62BD993C8006D4978 /* Debug */,
				2082EFA72BD993C8006D4978 /* Release */,
			);
			defaultConfigurationIsVisible = 0;
			defaultConfigurationName = Release;
		};
		2082EFA82BD993C8006D4978 /* Build configuration list for PBXNativeTarget "GetirLiteBootcampFinalCaseTests" */ = {
			isa = XCConfigurationList;
			buildConfigurations = (
				2082EFA92BD993C8006D4978 /* Debug */,
				2082EFAA2BD993C8006D4978 /* Release */,
			);
			defaultConfigurationIsVisible = 0;
			defaultConfigurationName = Release;
		};
		2082EFAB2BD993C8006D4978 /* Build configuration list for PBXNativeTarget "GetirLiteBootcampFinalCaseUITests" */ = {
			isa = XCConfigurationList;
			buildConfigurations = (
				2082EFAC2BD993C8006D4978 /* Debug */,
				2082EFAD2BD993C8006D4978 /* Release */,
			);
			defaultConfigurationIsVisible = 0;
			defaultConfigurationName = Release;
		};
/* End XCConfigurationList section */

/* Begin XCRemoteSwiftPackageReference section */
		2082EFCB2BD9B2D8006D4978 /* XCRemoteSwiftPackageReference "Alamofire" */ = {
			isa = XCRemoteSwiftPackageReference;
			repositoryURL = "https://github.com/Alamofire/Alamofire.git";
			requirement = {
				kind = upToNextMajorVersion;
				minimumVersion = 5.9.1;
			};
		};
/* End XCRemoteSwiftPackageReference section */

/* Begin XCSwiftPackageProductDependency section */
		2082EFCC2BD9B2D8006D4978 /* Alamofire */ = {
			isa = XCSwiftPackageProductDependency;
			package = 2082EFCB2BD9B2D8006D4978 /* XCRemoteSwiftPackageReference "Alamofire" */;
			productName = Alamofire;
		};
/* End XCSwiftPackageProductDependency section */

/* Begin XCVersionGroup section */
		2082EF842BD993C7006D4978 /* GetirLiteBootcampFinalCase.xcdatamodeld */ = {
			isa = XCVersionGroup;
			children = (
				2082EF852BD993C7006D4978 /* GetirLiteBootcampFinalCase.xcdatamodel */,
			);
			currentVersion = 2082EF852BD993C7006D4978 /* GetirLiteBootcampFinalCase.xcdatamodel */;
			path = GetirLiteBootcampFinalCase.xcdatamodeld;
			sourceTree = "<group>";
			versionGroupType = wrapper.xcdatamodel;
		};
/* End XCVersionGroup section */
	};
	rootObject = 2082EF702BD993C7006D4978 /* Project object */;
}
